
Microsoft Visual Studio Solution File, Format Version 12.00
# Visual Studio Version 17
VisualStudioVersion = 17.8.34330.188
MinimumVisualStudioVersion = 10.0.40219.1
Project("{FAE04EC0-301F-11D3-BF4B-00C04F79EFBC}") = "PROJETAKIP", "PROJETAKIP.csproj", "{6339D052-5E78-4324-9A79-33B0E1185665}"
EndProject
Global
	GlobalSection(SolutionConfigurationPlatforms) = preSolution
		Debug|Any CPU = Debug|Any CPU
		Release|Any CPU = Release|Any CPU
	EndGlobalSection
	GlobalSection(ProjectConfigurationPlatforms) = postSolution
		{6339D052-5E78-4324-9A79-33B0E1185665}.Debug|Any CPU.ActiveCfg = Debug|Any CPU
		{6339D052-5E78-4324-9A79-33B0E1185665}.Debug|Any CPU.Build.0 = Debug|Any CPU
		{6339D052-5E78-4324-9A79-33B0E1185665}.Release|Any CPU.ActiveCfg = Release|Any CPU
		{6339D052-5E78-4324-9A79-33B0E1185665}.Release|Any CPU.Build.0 = Release|Any CPU
	EndGlobalSection
	GlobalSection(SolutionProperties) = preSolution
		HideSolutionNode = FALSE
	EndGlobalSection
	GlobalSection(ExtensibilityGlobals) = postSolution
		SolutionGuid = {00DB08F8-7594-4063-AC05-09C95DA529F0}
	EndGlobalSection
EndGlobal
